// !$*UTF8*$!
{
	archiveVersion = 1;
	classes = {
	};
	objectVersion = 46;
	objects = {

/* Begin PBXBuildFile section */
		A11D4DB11D630FEB008BF3DB /* ColourArt.swift in Sources */ = {isa = PBXBuildFile; fileRef = A11D4DB01D630FEB008BF3DB /* ColourArt.swift */; };
		A129346D1C657282008664BA /* TrackItemCell.swift in Sources */ = {isa = PBXBuildFile; fileRef = A129346C1C657282008664BA /* TrackItemCell.swift */; };
		A1430F681D161594006FC070 /* TrackListPresentationController.swift in Sources */ = {isa = PBXBuildFile; fileRef = A1430F671D161594006FC070 /* TrackListPresentationController.swift */; };
		A16270D11D37968A008EB2F7 /* MarqueeLabel.swift in Sources */ = {isa = PBXBuildFile; fileRef = A16270D01D37968A008EB2F7 /* MarqueeLabel.swift */; };
		A1A1A15A1C651F41004EE091 /* TrackListViewController.swift in Sources */ = {isa = PBXBuildFile; fileRef = A1A1A1591C651F41004EE091 /* TrackListViewController.swift */; };
		A1A57FAA1C670396003D59E0 /* UIView.Constraints.swift in Sources */ = {isa = PBXBuildFile; fileRef = A1A57FA91C670396003D59E0 /* UIView.Constraints.swift */; };
		A1D183F11C645F780017DDE0 /* AppDelegate.swift in Sources */ = {isa = PBXBuildFile; fileRef = A1D183F01C645F780017DDE0 /* AppDelegate.swift */; };
		A1D183F31C645F780017DDE0 /* ViewController.swift in Sources */ = {isa = PBXBuildFile; fileRef = A1D183F21C645F780017DDE0 /* ViewController.swift */; };
		A1D183F81C645F780017DDE0 /* Assets.xcassets in Resources */ = {isa = PBXBuildFile; fileRef = A1D183F71C645F780017DDE0 /* Assets.xcassets */; };
		A1D183FB1C645F780017DDE0 /* LaunchScreen.storyboard in Resources */ = {isa = PBXBuildFile; fileRef = A1D183F91C645F780017DDE0 /* LaunchScreen.storyboard */; };
		A1D34B1E2327529700EDD2CE /* SystemMediaPlayer.swift in Sources */ = {isa = PBXBuildFile; fileRef = A1D34B1D2327529700EDD2CE /* SystemMediaPlayer.swift */; };
		A1D34B20232754A200EDD2CE /* SceneDelegate.swift in Sources */ = {isa = PBXBuildFile; fileRef = A1D34B1F232754A200EDD2CE /* SceneDelegate.swift */; };
		A1D34B22232754EC00EDD2CE /* PlayerViewController.swift in Sources */ = {isa = PBXBuildFile; fileRef = A1D34B21232754EC00EDD2CE /* PlayerViewController.swift */; };
		A1D34B2523276B6F00EDD2CE /* MediaController.swift in Sources */ = {isa = PBXBuildFile; fileRef = A1D34B2423276B6F00EDD2CE /* MediaController.swift */; };
		A1D34B2723276D0B00EDD2CE /* MediaPlayer.swift in Sources */ = {isa = PBXBuildFile; fileRef = A1D34B2623276D0B00EDD2CE /* MediaPlayer.swift */; };
		A1D34B2923276DFE00EDD2CE /* FileMediaPlayer.swift in Sources */ = {isa = PBXBuildFile; fileRef = A1D34B2823276DFE00EDD2CE /* FileMediaPlayer.swift */; };
/* End PBXBuildFile section */

/* Begin PBXFileReference section */
		A11D4DB01D630FEB008BF3DB /* ColourArt.swift */ = {isa = PBXFileReference; fileEncoding = 4; lastKnownFileType = sourcecode.swift; path = ColourArt.swift; sourceTree = "<group>"; };
		A129346C1C657282008664BA /* TrackItemCell.swift */ = {isa = PBXFileReference; fileEncoding = 4; lastKnownFileType = sourcecode.swift; path = TrackItemCell.swift; sourceTree = "<group>"; };
		A1430F671D161594006FC070 /* TrackListPresentationController.swift */ = {isa = PBXFileReference; fileEncoding = 4; lastKnownFileType = sourcecode.swift; path = TrackListPresentationController.swift; sourceTree = "<group>"; };
		A16270D01D37968A008EB2F7 /* MarqueeLabel.swift */ = {isa = PBXFileReference; fileEncoding = 4; lastKnownFileType = sourcecode.swift; path = MarqueeLabel.swift; sourceTree = "<group>"; };
		A16270D21D3796EB008EB2F7 /* Treble.entitlements */ = {isa = PBXFileReference; lastKnownFileType = text.xml; path = Treble.entitlements; sourceTree = "<group>"; };
		A1A1A1591C651F41004EE091 /* TrackListViewController.swift */ = {isa = PBXFileReference; fileEncoding = 4; lastKnownFileType = sourcecode.swift; path = TrackListViewController.swift; sourceTree = "<group>"; };
		A1A57FA91C670396003D59E0 /* UIView.Constraints.swift */ = {isa = PBXFileReference; fileEncoding = 4; lastKnownFileType = sourcecode.swift; path = UIView.Constraints.swift; sourceTree = "<group>"; };
		A1D183ED1C645F780017DDE0 /* Treble.app */ = {isa = PBXFileReference; explicitFileType = wrapper.application; includeInIndex = 0; path = Treble.app; sourceTree = BUILT_PRODUCTS_DIR; };
		A1D183F01C645F780017DDE0 /* AppDelegate.swift */ = {isa = PBXFileReference; lastKnownFileType = sourcecode.swift; path = AppDelegate.swift; sourceTree = "<group>"; };
		A1D183F21C645F780017DDE0 /* ViewController.swift */ = {isa = PBXFileReference; lastKnownFileType = sourcecode.swift; path = ViewController.swift; sourceTree = "<group>"; };
		A1D183F71C645F780017DDE0 /* Assets.xcassets */ = {isa = PBXFileReference; lastKnownFileType = folder.assetcatalog; path = Assets.xcassets; sourceTree = "<group>"; };
		A1D183FA1C645F780017DDE0 /* Base */ = {isa = PBXFileReference; lastKnownFileType = file.storyboard; name = Base; path = Base.lproj/LaunchScreen.storyboard; sourceTree = "<group>"; };
		A1D183FC1C645F780017DDE0 /* Info.plist */ = {isa = PBXFileReference; lastKnownFileType = text.plist.xml; path = Info.plist; sourceTree = "<group>"; };
		A1D34B1D2327529700EDD2CE /* SystemMediaPlayer.swift */ = {isa = PBXFileReference; lastKnownFileType = sourcecode.swift; path = SystemMediaPlayer.swift; sourceTree = "<group>"; };
		A1D34B1F232754A200EDD2CE /* SceneDelegate.swift */ = {isa = PBXFileReference; lastKnownFileType = sourcecode.swift; path = SceneDelegate.swift; sourceTree = "<group>"; };
		A1D34B21232754EC00EDD2CE /* PlayerViewController.swift */ = {isa = PBXFileReference; lastKnownFileType = sourcecode.swift; path = PlayerViewController.swift; sourceTree = "<group>"; };
		A1D34B2423276B6F00EDD2CE /* MediaController.swift */ = {isa = PBXFileReference; lastKnownFileType = sourcecode.swift; path = MediaController.swift; sourceTree = "<group>"; };
		A1D34B2623276D0B00EDD2CE /* MediaPlayer.swift */ = {isa = PBXFileReference; lastKnownFileType = sourcecode.swift; path = MediaPlayer.swift; sourceTree = "<group>"; };
		A1D34B2823276DFE00EDD2CE /* FileMediaPlayer.swift */ = {isa = PBXFileReference; lastKnownFileType = sourcecode.swift; path = FileMediaPlayer.swift; sourceTree = "<group>"; };
/* End PBXFileReference section */

/* Begin PBXFrameworksBuildPhase section */
		A1D183EA1C645F780017DDE0 /* Frameworks */ = {
			isa = PBXFrameworksBuildPhase;
			buildActionMask = 2147483647;
			files = (
			);
			runOnlyForDeploymentPostprocessing = 0;
		};
/* End PBXFrameworksBuildPhase section */

/* Begin PBXGroup section */
		A12934741C6592FE008664BA /* Supporting Files */ = {
			isa = PBXGroup;
			children = (
				A16270D21D3796EB008EB2F7 /* Treble.entitlements */,
				A1D183F91C645F780017DDE0 /* LaunchScreen.storyboard */,
				A1D183F71C645F780017DDE0 /* Assets.xcassets */,
				A1D183FC1C645F780017DDE0 /* Info.plist */,
			);
			name = "Supporting Files";
			sourceTree = "<group>";
		};
		A1D183E41C645F780017DDE0 = {
			isa = PBXGroup;
			children = (
				A1D183EF1C645F780017DDE0 /* Treble */,
				A1D183EE1C645F780017DDE0 /* Products */,
			);
			sourceTree = "<group>";
		};
		A1D183EE1C645F780017DDE0 /* Products */ = {
			isa = PBXGroup;
			children = (
				A1D183ED1C645F780017DDE0 /* Treble.app */,
			);
			name = Products;
			sourceTree = "<group>";
		};
		A1D183EF1C645F780017DDE0 /* Treble */ = {
			isa = PBXGroup;
			children = (
				A1D183F01C645F780017DDE0 /* AppDelegate.swift */,
				A1D34B1F232754A200EDD2CE /* SceneDelegate.swift */,
				A1D34B2B23276EBC00EDD2CE /* Controller */,
				A1D34B21232754EC00EDD2CE /* PlayerViewController.swift */,
				A11D4DB01D630FEB008BF3DB /* ColourArt.swift */,
				A16270D01D37968A008EB2F7 /* MarqueeLabel.swift */,
				A1D34B232327698D00EDD2CE /* Old Implementation */,
				A12934741C6592FE008664BA /* Supporting Files */,
			);
			path = Treble;
			sourceTree = "<group>";
		};
		A1D34B232327698D00EDD2CE /* Old Implementation */ = {
			isa = PBXGroup;
			children = (
				A1D183F21C645F780017DDE0 /* ViewController.swift */,
				A1A1A1591C651F41004EE091 /* TrackListViewController.swift */,
				A129346C1C657282008664BA /* TrackItemCell.swift */,
				A1430F671D161594006FC070 /* TrackListPresentationController.swift */,
				A1A57FA91C670396003D59E0 /* UIView.Constraints.swift */,
			);
			name = "Old Implementation";
			sourceTree = "<group>";
		};
		A1D34B2B23276EBC00EDD2CE /* Controller */ = {
			isa = PBXGroup;
			children = (
				A1D34B2423276B6F00EDD2CE /* MediaController.swift */,
				A1D34B2623276D0B00EDD2CE /* MediaPlayer.swift */,
				A1D34B1D2327529700EDD2CE /* SystemMediaPlayer.swift */,
				A1D34B2823276DFE00EDD2CE /* FileMediaPlayer.swift */,
			);
			name = Controller;
			sourceTree = "<group>";
		};
/* End PBXGroup section */

/* Begin PBXNativeTarget section */
		A1D183EC1C645F780017DDE0 /* Treble */ = {
			isa = PBXNativeTarget;
			buildConfigurationList = A1D183FF1C645F780017DDE0 /* Build configuration list for PBXNativeTarget "Treble" */;
			buildPhases = (
				A1D183E91C645F780017DDE0 /* Sources */,
				A1D183EA1C645F780017DDE0 /* Frameworks */,
				A1D183EB1C645F780017DDE0 /* Resources */,
			);
			buildRules = (
			);
			dependencies = (
			);
			name = Treble;
			productName = Treble;
			productReference = A1D183ED1C645F780017DDE0 /* Treble.app */;
			productType = "com.apple.product-type.application";
		};
/* End PBXNativeTarget section */

/* Begin PBXProject section */
		A1D183E51C645F780017DDE0 /* Project object */ = {
			isa = PBXProject;
			attributes = {
				LastSwiftUpdateCheck = 0730;
				LastUpgradeCheck = 1000;
				ORGANIZATIONNAME = "Andy Liang";
				TargetAttributes = {
					A1D183EC1C645F780017DDE0 = {
						CreatedOnToolsVersion = 7.3;
						DevelopmentTeam = TSCXJ4KWQ4;
						DevelopmentTeamName = "Andy Liang";
						LastSwiftMigration = 1100;
						SystemCapabilities = {
							com.apple.iCloud = {
								enabled = 1;
							};
						};
					};
				};
			};
			buildConfigurationList = A1D183E81C645F780017DDE0 /* Build configuration list for PBXProject "Treble" */;
			compatibilityVersion = "Xcode 3.2";
			developmentRegion = en;
			hasScannedForEncodings = 0;
			knownRegions = (
				en,
				Base,
			);
			mainGroup = A1D183E41C645F780017DDE0;
			productRefGroup = A1D183EE1C645F780017DDE0 /* Products */;
			projectDirPath = "";
			projectRoot = "";
			targets = (
				A1D183EC1C645F780017DDE0 /* Treble */,
			);
		};
/* End PBXProject section */

/* Begin PBXResourcesBuildPhase section */
		A1D183EB1C645F780017DDE0 /* Resources */ = {
			isa = PBXResourcesBuildPhase;
			buildActionMask = 2147483647;
			files = (
				A1D183FB1C645F780017DDE0 /* LaunchScreen.storyboard in Resources */,
				A1D183F81C645F780017DDE0 /* Assets.xcassets in Resources */,
			);
			runOnlyForDeploymentPostprocessing = 0;
		};
/* End PBXResourcesBuildPhase section */

/* Begin PBXSourcesBuildPhase section */
		A1D183E91C645F780017DDE0 /* Sources */ = {
			isa = PBXSourcesBuildPhase;
			buildActionMask = 2147483647;
			files = (
				A1D34B2523276B6F00EDD2CE /* MediaController.swift in Sources */,
				A1D34B2923276DFE00EDD2CE /* FileMediaPlayer.swift in Sources */,
				A16270D11D37968A008EB2F7 /* MarqueeLabel.swift in Sources */,
				A1D183F31C645F780017DDE0 /* ViewController.swift in Sources */,
				A1D34B1E2327529700EDD2CE /* SystemMediaPlayer.swift in Sources */,
				A1430F681D161594006FC070 /* TrackListPresentationController.swift in Sources */,
				A1A57FAA1C670396003D59E0 /* UIView.Constraints.swift in Sources */,
				A1D34B20232754A200EDD2CE /* SceneDelegate.swift in Sources */,
				A1D34B2723276D0B00EDD2CE /* MediaPlayer.swift in Sources */,
				A1A1A15A1C651F41004EE091 /* TrackListViewController.swift in Sources */,
				A1D183F11C645F780017DDE0 /* AppDelegate.swift in Sources */,
				A129346D1C657282008664BA /* TrackItemCell.swift in Sources */,
				A1D34B22232754EC00EDD2CE /* PlayerViewController.swift in Sources */,
				A11D4DB11D630FEB008BF3DB /* ColourArt.swift in Sources */,
			);
			runOnlyForDeploymentPostprocessing = 0;
		};
/* End PBXSourcesBuildPhase section */

/* Begin PBXVariantGroup section */
		A1D183F91C645F780017DDE0 /* LaunchScreen.storyboard */ = {
			isa = PBXVariantGroup;
			children = (
				A1D183FA1C645F780017DDE0 /* Base */,
			);
			name = LaunchScreen.storyboard;
			sourceTree = "<group>";
		};
/* End PBXVariantGroup section */

/* Begin XCBuildConfiguration section */
		A1D183FD1C645F780017DDE0 /* Debug */ = {
			isa = XCBuildConfiguration;
			buildSettings = {
				ALWAYS_SEARCH_USER_PATHS = NO;
				CLANG_CXX_LANGUAGE_STANDARD = "gnu++0x";
				CLANG_CXX_LIBRARY = "libc++";
				CLANG_ENABLE_MODULES = YES;
				CLANG_ENABLE_OBJC_ARC = YES;
				CLANG_WARN_BLOCK_CAPTURE_AUTORELEASING = YES;
				CLANG_WARN_BOOL_CONVERSION = YES;
				CLANG_WARN_COMMA = YES;
				CLANG_WARN_CONSTANT_CONVERSION = YES;
				CLANG_WARN_DEPRECATED_OBJC_IMPLEMENTATIONS = YES;
				CLANG_WARN_DIRECT_OBJC_ISA_USAGE = YES_ERROR;
				CLANG_WARN_EMPTY_BODY = YES;
				CLANG_WARN_ENUM_CONVERSION = YES;
				CLANG_WARN_INFINITE_RECURSION = YES;
				CLANG_WARN_INT_CONVERSION = YES;
				CLANG_WARN_NON_LITERAL_NULL_CONVERSION = YES;
				CLANG_WARN_OBJC_IMPLICIT_RETAIN_SELF = YES;
				CLANG_WARN_OBJC_LITERAL_CONVERSION = YES;
				CLANG_WARN_OBJC_ROOT_CLASS = YES_ERROR;
				CLANG_WARN_RANGE_LOOP_ANALYSIS = YES;
				CLANG_WARN_STRICT_PROTOTYPES = YES;
				CLANG_WARN_SUSPICIOUS_MOVE = YES;
				CLANG_WARN_UNREACHABLE_CODE = YES;
				CLANG_WARN__DUPLICATE_METHOD_MATCH = YES;
				"CODE_SIGN_IDENTITY[sdk=iphoneos*]" = "iPhone Developer";
				COPY_PHASE_STRIP = NO;
				DEBUG_INFORMATION_FORMAT = dwarf;
				ENABLE_STRICT_OBJC_MSGSEND = YES;
				ENABLE_TESTABILITY = YES;
				GCC_C_LANGUAGE_STANDARD = gnu99;
				GCC_DYNAMIC_NO_PIC = NO;
				GCC_NO_COMMON_BLOCKS = YES;
				GCC_OPTIMIZATION_LEVEL = 0;
				GCC_PREPROCESSOR_DEFINITIONS = (
					"DEBUG=1",
					"$(inherited)",
				);
				GCC_WARN_64_TO_32_BIT_CONVERSION = YES;
				GCC_WARN_ABOUT_RETURN_TYPE = YES_ERROR;
				GCC_WARN_UNDECLARED_SELECTOR = YES;
				GCC_WARN_UNINITIALIZED_AUTOS = YES_AGGRESSIVE;
				GCC_WARN_UNUSED_FUNCTION = YES;
				GCC_WARN_UNUSED_VARIABLE = YES;
				IPHONEOS_DEPLOYMENT_TARGET = 13.0;
				MTL_ENABLE_DEBUG_INFO = YES;
				ONLY_ACTIVE_ARCH = YES;
				SDKROOT = iphoneos;
				SWIFT_OPTIMIZATION_LEVEL = "-Onone";
				TARGETED_DEVICE_FAMILY = "1,2";
			};
			name = Debug;
		};
		A1D183FE1C645F780017DDE0 /* Release */ = {
			isa = XCBuildConfiguration;
			buildSettings = {
				ALWAYS_SEARCH_USER_PATHS = NO;
				CLANG_CXX_LANGUAGE_STANDARD = "gnu++0x";
				CLANG_CXX_LIBRARY = "libc++";
				CLANG_ENABLE_MODULES = YES;
				CLANG_ENABLE_OBJC_ARC = YES;
				CLANG_WARN_BLOCK_CAPTURE_AUTORELEASING = YES;
				CLANG_WARN_BOOL_CONVERSION = YES;
				CLANG_WARN_COMMA = YES;
				CLANG_WARN_CONSTANT_CONVERSION = YES;
				CLANG_WARN_DEPRECATED_OBJC_IMPLEMENTATIONS = YES;
				CLANG_WARN_DIRECT_OBJC_ISA_USAGE = YES_ERROR;
				CLANG_WARN_EMPTY_BODY = YES;
				CLANG_WARN_ENUM_CONVERSION = YES;
				CLANG_WARN_INFINITE_RECURSION = YES;
				CLANG_WARN_INT_CONVERSION = YES;
				CLANG_WARN_NON_LITERAL_NULL_CONVERSION = YES;
				CLANG_WARN_OBJC_IMPLICIT_RETAIN_SELF = YES;
				CLANG_WARN_OBJC_LITERAL_CONVERSION = YES;
				CLANG_WARN_OBJC_ROOT_CLASS = YES_ERROR;
				CLANG_WARN_RANGE_LOOP_ANALYSIS = YES;
				CLANG_WARN_STRICT_PROTOTYPES = YES;
				CLANG_WARN_SUSPICIOUS_MOVE = YES;
				CLANG_WARN_UNREACHABLE_CODE = YES;
				CLANG_WARN__DUPLICATE_METHOD_MATCH = YES;
				"CODE_SIGN_IDENTITY[sdk=iphoneos*]" = "iPhone Developer";
				COPY_PHASE_STRIP = NO;
				DEBUG_INFORMATION_FORMAT = "dwarf-with-dsym";
				ENABLE_NS_ASSERTIONS = NO;
				ENABLE_STRICT_OBJC_MSGSEND = YES;
				GCC_C_LANGUAGE_STANDARD = gnu99;
				GCC_NO_COMMON_BLOCKS = YES;
				GCC_WARN_64_TO_32_BIT_CONVERSION = YES;
				GCC_WARN_ABOUT_RETURN_TYPE = YES_ERROR;
				GCC_WARN_UNDECLARED_SELECTOR = YES;
				GCC_WARN_UNINITIALIZED_AUTOS = YES_AGGRESSIVE;
				GCC_WARN_UNUSED_FUNCTION = YES;
				GCC_WARN_UNUSED_VARIABLE = YES;
				IPHONEOS_DEPLOYMENT_TARGET = 13.0;
				MTL_ENABLE_DEBUG_INFO = NO;
				SDKROOT = iphoneos;
				TARGETED_DEVICE_FAMILY = "1,2";
				VALIDATE_PRODUCT = YES;
			};
			name = Release;
		};
		A1D184001C645F780017DDE0 /* Debug */ = {
			isa = XCBuildConfiguration;
			buildSettings = {
				ASSETCATALOG_COMPILER_APPICON_NAME = AppIcon;
				CLANG_ENABLE_MODULES = YES;
				CODE_SIGN_ENTITLEMENTS = Treble/Treble.entitlements;
				CODE_SIGN_IDENTITY = "iPhone Developer";
				INFOPLIST_FILE = Treble/Info.plist;
				LD_RUNPATH_SEARCH_PATHS = "$(inherited) @executable_path/Frameworks";
				PRODUCT_BUNDLE_IDENTIFIER = com.andyliang.TreblePlayer;
				PRODUCT_NAME = "$(TARGET_NAME)";
				SWIFT_OPTIMIZATION_LEVEL = "-Onone";
				SWIFT_SWIFT3_OBJC_INFERENCE = Off;
				SWIFT_VERSION = 5.0;
			};
			name = Debug;
		};
		A1D184011C645F780017DDE0 /* Release */ = {
			isa = XCBuildConfiguration;
			buildSettings = {
				ASSETCATALOG_COMPILER_APPICON_NAME = AppIcon;
				CLANG_ENABLE_MODULES = YES;
				CODE_SIGN_ENTITLEMENTS = Treble/Treble.entitlements;
				CODE_SIGN_IDENTITY = "iPhone Developer";
				INFOPLIST_FILE = Treble/Info.plist;
				LD_RUNPATH_SEARCH_PATHS = "$(inherited) @executable_path/Frameworks";
				PRODUCT_BUNDLE_IDENTIFIER = com.andyliang.TreblePlayer;
				PRODUCT_NAME = "$(TARGET_NAME)";
				SWIFT_OPTIMIZATION_LEVEL = "-Owholemodule";
				SWIFT_SWIFT3_OBJC_INFERENCE = Off;
				SWIFT_VERSION = 5.0;
			};
			name = Release;
		};
/* End XCBuildConfiguration section */

/* Begin XCConfigurationList section */
		A1D183E81C645F780017DDE0 /* Build configuration list for PBXProject "Treble" */ = {
			isa = XCConfigurationList;
			buildConfigurations = (
				A1D183FD1C645F780017DDE0 /* Debug */,
				A1D183FE1C645F780017DDE0 /* Release */,
			);
			defaultConfigurationIsVisible = 0;
			defaultConfigurationName = Release;
		};
		A1D183FF1C645F780017DDE0 /* Build configuration list for PBXNativeTarget "Treble" */ = {
			isa = XCConfigurationList;
			buildConfigurations = (
				A1D184001C645F780017DDE0 /* Debug */,
				A1D184011C645F780017DDE0 /* Release */,
			);
			defaultConfigurationIsVisible = 0;
			defaultConfigurationName = Release;
		};
/* End XCConfigurationList section */
	};
	rootObject = A1D183E51C645F780017DDE0 /* Project object */;
}
